// !$*UTF8*$!
{
	archiveVersion = 1;
	classes = {
	};
	objectVersion = 46;
	objects = {

/* Begin PBXBuildFile section */
		85E94CF81D94653400456009 /* AppDelegate.swift in Sources */ = {isa = PBXBuildFile; fileRef = 85E94CF71D94653400456009 /* AppDelegate.swift */; };
		85E94CFA1D94653400456009 /* ViewController.swift in Sources */ = {isa = PBXBuildFile; fileRef = 85E94CF91D94653400456009 /* ViewController.swift */; };
		85E94CFD1D94653400456009 /* Main.storyboard in Resources */ = {isa = PBXBuildFile; fileRef = 85E94CFB1D94653400456009 /* Main.storyboard */; };
		85E94CFF1D94653400456009 /* Assets.xcassets in Resources */ = {isa = PBXBuildFile; fileRef = 85E94CFE1D94653400456009 /* Assets.xcassets */; };
		85E94D021D94653400456009 /* LaunchScreen.storyboard in Resources */ = {isa = PBXBuildFile; fileRef = 85E94D001D94653400456009 /* LaunchScreen.storyboard */; };
		85E94D0D1D94653400456009 /* tableTests.swift in Sources */ = {isa = PBXBuildFile; fileRef = 85E94D0C1D94653400456009 /* tableTests.swift */; };
		85E94D181D94653400456009 /* tableUITests.swift in Sources */ = {isa = PBXBuildFile; fileRef = 85E94D171D94653400456009 /* tableUITests.swift */; };
/* End PBXBuildFile section */

/* Begin PBXContainerItemProxy section */
		85E94D091D94653400456009 /* PBXContainerItemProxy */ = {
			isa = PBXContainerItemProxy;
			containerPortal = 85E94CEC1D94653300456009 /* Project object */;
			proxyType = 1;
			remoteGlobalIDString = 85E94CF31D94653400456009;
			remoteInfo = table;
		};
		85E94D141D94653400456009 /* PBXContainerItemProxy */ = {
			isa = PBXContainerItemProxy;
			containerPortal = 85E94CEC1D94653300456009 /* Project object */;
			proxyType = 1;
			remoteGlobalIDString = 85E94CF31D94653400456009;
			remoteInfo = table;
		};
/* End PBXContainerItemProxy section */

/* Begin PBXFileReference section */
		85E94CF41D94653400456009 /* table.app */ = {isa = PBXFileReference; explicitFileType = wrapper.application; includeInIndex = 0; path = table.app; sourceTree = BUILT_PRODUCTS_DIR; };
		85E94CF71D94653400456009 /* AppDelegate.swift */ = {isa = PBXFileReference; lastKnownFileType = sourcecode.swift; path = AppDelegate.swift; sourceTree = "<group>"; };
		85E94CF91D94653400456009 /* ViewController.swift */ = {isa = PBXFileReference; lastKnownFileType = sourcecode.swift; path = ViewController.swift; sourceTree = "<group>"; };
		85E94CFC1D94653400456009 /* Base */ = {isa = PBXFileReference; lastKnownFileType = file.storyboard; name = Base; path = Base.lproj/Main.storyboard; sourceTree = "<group>"; };
		85E94CFE1D94653400456009 /* Assets.xcassets */ = {isa = PBXFileReference; lastKnownFileType = folder.assetcatalog; path = Assets.xcassets; sourceTree = "<group>"; };
		85E94D011D94653400456009 /* Base */ = {isa = PBXFileReference; lastKnownFileType = file.storyboard; name = Base; path = Base.lproj/LaunchScreen.storyboard; sourceTree = "<group>"; };
		85E94D031D94653400456009 /* Info.plist */ = {isa = PBXFileReference; lastKnownFileType = text.plist.xml; path = Info.plist; sourceTree = "<group>"; };
		85E94D081D94653400456009 /* tableTests.xctest */ = {isa = PBXFileReference; explicitFileType = wrapper.cfbundle; includeInIndex = 0; path = tableTests.xctest; sourceTree = BUILT_PRODUCTS_DIR; };
		85E94D0C1D94653400456009 /* tableTests.swift */ = {isa = PBXFileReference; lastKnownFileType = sourcecode.swift; path = tableTests.swift; sourceTree = "<group>"; };
		85E94D0E1D94653400456009 /* Info.plist */ = {isa = PBXFileReference; lastKnownFileType = text.plist.xml; path = Info.plist; sourceTree = "<group>"; };
		85E94D131D94653400456009 /* tableUITests.xctest */ = {isa = PBXFileReference; explicitFileType = wrapper.cfbundle; includeInIndex = 0; path = tableUITests.xctest; sourceTree = BUILT_PRODUCTS_DIR; };
		85E94D171D94653400456009 /* tableUITests.swift */ = {isa = PBXFileReference; lastKnownFileType = sourcecode.swift; path = tableUITests.swift; sourceTree = "<group>"; };
		85E94D191D94653400456009 /* Info.plist */ = {isa = PBXFileReference; lastKnownFileType = text.plist.xml; path = Info.plist; sourceTree = "<group>"; };
/* End PBXFileReference section */

/* Begin PBXFrameworksBuildPhase section */
		85E94CF11D94653400456009 /* Frameworks */ = {
			isa = PBXFrameworksBuildPhase;
			buildActionMask = 2147483647;
			files = (
			);
			runOnlyForDeploymentPostprocessing = 0;
		};
		85E94D051D94653400456009 /* Frameworks */ = {
			isa = PBXFrameworksBuildPhase;
			buildActionMask = 2147483647;
			files = (
			);
			runOnlyForDeploymentPostprocessing = 0;
		};
		85E94D101D94653400456009 /* Frameworks */ = {
			isa = PBXFrameworksBuildPhase;
			buildActionMask = 2147483647;
			files = (
			);
			runOnlyForDeploymentPostprocessing = 0;
		};
/* End PBXFrameworksBuildPhase section */

/* Begin PBXGroup section */
		85E94CEB1D94653300456009 = {
			isa = PBXGroup;
			children = (
				85E94CF61D94653400456009 /* table */,
				85E94D0B1D94653400456009 /* tableTests */,
				85E94D161D94653400456009 /* tableUITests */,
				85E94CF51D94653400456009 /* Products */,
			);
			sourceTree = "<group>";
		};
		85E94CF51D94653400456009 /* Products */ = {
			isa = PBXGroup;
			children = (
				85E94CF41D94653400456009 /* table.app */,
				85E94D081D94653400456009 /* tableTests.xctest */,
				85E94D131D94653400456009 /* tableUITests.xctest */,
			);
			name = Products;
			sourceTree = "<group>";
		};
		85E94CF61D94653400456009 /* table */ = {
			isa = PBXGroup;
			children = (
				85E94CF71D94653400456009 /* AppDelegate.swift */,
				85E94CF91D94653400456009 /* ViewController.swift */,
				85E94CFB1D94653400456009 /* Main.storyboard */,
				85E94CFE1D94653400456009 /* Assets.xcassets */,
				85E94D001D94653400456009 /* LaunchScreen.storyboard */,
				85E94D031D94653400456009 /* Info.plist */,
			);
			path = table;
			sourceTree = "<group>";
		};
		85E94D0B1D94653400456009 /* tableTests */ = {
			isa = PBXGroup;
			children = (
				85E94D0C1D94653400456009 /* tableTests.swift */,
				85E94D0E1D94653400456009 /* Info.plist */,
			);
			path = tableTests;
			sourceTree = "<group>";
		};
		85E94D161D94653400456009 /* tableUITests */ = {
			isa = PBXGroup;
			children = (
				85E94D171D94653400456009 /* tableUITests.swift */,
				85E94D191D94653400456009 /* Info.plist */,
			);
			path = tableUITests;
			sourceTree = "<group>";
		};
/* End PBXGroup section */

/* Begin PBXNativeTarget section */
		85E94CF31D94653400456009 /* table */ = {
			isa = PBXNativeTarget;
			buildConfigurationList = 85E94D1C1D94653500456009 /* Build configuration list for PBXNativeTarget "table" */;
			buildPhases = (
				85E94CF01D94653400456009 /* Sources */,
				85E94CF11D94653400456009 /* Frameworks */,
				85E94CF21D94653400456009 /* Resources */,
			);
			buildRules = (
			);
			dependencies = (
			);
			name = table;
			productName = table;
			productReference = 85E94CF41D94653400456009 /* table.app */;
			productType = "com.apple.product-type.application";
		};
		85E94D071D94653400456009 /* tableTests */ = {
			isa = PBXNativeTarget;
			buildConfigurationList = 85E94D1F1D94653500456009 /* Build configuration list for PBXNativeTarget "tableTests" */;
			buildPhases = (
				85E94D041D94653400456009 /* Sources */,
				85E94D051D94653400456009 /* Frameworks */,
				85E94D061D94653400456009 /* Resources */,
			);
			buildRules = (
			);
			dependencies = (
				85E94D0A1D94653400456009 /* PBXTargetDependency */,
			);
			name = tableTests;
			productName = tableTests;
			productReference = 85E94D081D94653400456009 /* tableTests.xctest */;
			productType = "com.apple.product-type.bundle.unit-test";
		};
		85E94D121D94653400456009 /* tableUITests */ = {
			isa = PBXNativeTarget;
			buildConfigurationList = 85E94D221D94653500456009 /* Build configuration list for PBXNativeTarget "tableUITests" */;
			buildPhases = (
				85E94D0F1D94653400456009 /* Sources */,
				85E94D101D94653400456009 /* Frameworks */,
				85E94D111D94653400456009 /* Resources */,
			);
			buildRules = (
			);
			dependencies = (
				85E94D151D94653400456009 /* PBXTargetDependency */,
			);
			name = tableUITests;
			productName = tableUITests;
			productReference = 85E94D131D94653400456009 /* tableUITests.xctest */;
			productType = "com.apple.product-type.bundle.ui-testing";
		};
/* End PBXNativeTarget section */

/* Begin PBXProject section */
		85E94CEC1D94653300456009 /* Project object */ = {
			isa = PBXProject;
			attributes = {
				LastSwiftUpdateCheck = 0730;
				LastUpgradeCheck = 0730;
				ORGANIZATIONNAME = Maestro;
				TargetAttributes = {
					85E94CF31D94653400456009 = {
						CreatedOnToolsVersion = 7.3.1;
					};
					85E94D071D94653400456009 = {
						CreatedOnToolsVersion = 7.3.1;
						TestTargetID = 85E94CF31D94653400456009;
					};
					85E94D121D94653400456009 = {
						CreatedOnToolsVersion = 7.3.1;
						TestTargetID = 85E94CF31D94653400456009;
					};
				};
			};
			buildConfigurationList = 85E94CEF1D94653300456009 /* Build configuration list for PBXProject "table" */;
			compatibilityVersion = "Xcode 3.2";
			developmentRegion = English;
			hasScannedForEncodings = 0;
			knownRegions = (
				en,
				Base,
			);
			mainGroup = 85E94CEB1D94653300456009;
			productRefGroup = 85E94CF51D94653400456009 /* Products */;
			projectDirPath = "";
			projectRoot = "";
			targets = (
				85E94CF31D94653400456009 /* table */,
				85E94D071D94653400456009 /* tableTests */,
				85E94D121D94653400456009 /* tableUITests */,
			);
		};
/* End PBXProject section */

/* Begin PBXResourcesBuildPhase section */
		85E94CF21D94653400456009 /* Resources */ = {
			isa = PBXResourcesBuildPhase;
			buildActionMask = 2147483647;
			files = (
				85E94D021D94653400456009 /* LaunchScreen.storyboard in Resources */,
				85E94CFF1D94653400456009 /* Assets.xcassets in Resources */,
				85E94CFD1D94653400456009 /* Main.storyboard in Resources */,
			);
			runOnlyForDeploymentPostprocessing = 0;
		};
		85E94D061D94653400456009 /* Resources */ = {
			isa = PBXResourcesBuildPhase;
			buildActionMask = 2147483647;
			files = (
			);
			runOnlyForDeploymentPostprocessing = 0;
		};
		85E94D111D94653400456009 /* Resources */ = {
			isa = PBXResourcesBuildPhase;
			buildActionMask = 2147483647;
			files = (
			);
			runOnlyForDeploymentPostprocessing = 0;
		};
/* End PBXResourcesBuildPhase section */

/* Begin PBXSourcesBuildPhase section */
		85E94CF01D94653400456009 /* Sources */ = {
			isa = PBXSourcesBuildPhase;
			buildActionMask = 2147483647;
			files = (
				85E94CFA1D94653400456009 /* ViewController.swift in Sources */,
				85E94CF81D94653400456009 /* AppDelegate.swift in Sources */,
			);
			runOnlyForDeploymentPostprocessing = 0;
		};
		85E94D041D94653400456009 /* Sources */ = {
			isa = PBXSourcesBuildPhase;
			buildActionMask = 2147483647;
			files = (
				85E94D0D1D94653400456009 /* tableTests.swift in Sources */,
			);
			runOnlyForDeploymentPostprocessing = 0;
		};
		85E94D0F1D94653400456009 /* Sources */ = {
			isa = PBXSourcesBuildPhase;
			buildActionMask = 2147483647;
			files = (
				85E94D181D94653400456009 /* tableUITests.swift in Sources */,
			);
			runOnlyForDeploymentPostprocessing = 0;
		};
/* End PBXSourcesBuildPhase section */

/* Begin PBXTargetDependency section */
		85E94D0A1D94653400456009 /* PBXTargetDependency */ = {
			isa = PBXTargetDependency;
			target = 85E94CF31D94653400456009 /* table */;
			targetProxy = 85E94D091D94653400456009 /* PBXContainerItemProxy */;
		};
		85E94D151D94653400456009 /* PBXTargetDependency */ = {
			isa = PBXTargetDependency;
			target = 85E94CF31D94653400456009 /* table */;
			targetProxy = 85E94D141D94653400456009 /* PBXContainerItemProxy */;
		};
/* End PBXTargetDependency section */

/* Begin PBXVariantGroup section */
		85E94CFB1D94653400456009 /* Main.storyboard */ = {
			isa = PBXVariantGroup;
			children = (
				85E94CFC1D94653400456009 /* Base */,
			);
			name = Main.storyboard;
			sourceTree = "<group>";
		};
		85E94D001D94653400456009 /* LaunchScreen.storyboard */ = {
			isa = PBXVariantGroup;
			children = (
				85E94D011D94653400456009 /* Base */,
			);
			name = LaunchScreen.storyboard;
			sourceTree = "<group>";
		};
/* End PBXVariantGroup section */

/* Begin XCBuildConfiguration section */
		85E94D1A1D94653400456009 /* Debug */ = {
			isa = XCBuildConfiguration;
			buildSettings = {
				ALWAYS_SEARCH_USER_PATHS = NO;
				CLANG_ANALYZER_NONNULL = YES;
				CLANG_CXX_LANGUAGE_STANDARD = "gnu++0x";
				CLANG_CXX_LIBRARY = "libc++";
				CLANG_ENABLE_MODULES = YES;
				CLANG_ENABLE_OBJC_ARC = YES;
				CLANG_WARN_BOOL_CONVERSION = YES;
				CLANG_WARN_CONSTANT_CONVERSION = YES;
				CLANG_WARN_DIRECT_OBJC_ISA_USAGE = YES_ERROR;
				CLANG_WARN_EMPTY_BODY = YES;
				CLANG_WARN_ENUM_CONVERSION = YES;
				CLANG_WARN_INT_CONVERSION = YES;
				CLANG_WARN_OBJC_ROOT_CLASS = YES_ERROR;
				CLANG_WARN_UNREACHABLE_CODE = YES;
				CLANG_WARN__DUPLICATE_METHOD_MATCH = YES;
				"CODE_SIGN_IDENTITY[sdk=iphoneos*]" = "iPhone Developer";
				COPY_PHASE_STRIP = NO;
				DEBUG_INFORMATION_FORMAT = dwarf;
				ENABLE_STRICT_OBJC_MSGSEND = YES;
				ENABLE_TESTABILITY = YES;
				GCC_C_LANGUAGE_STANDARD = gnu99;
				GCC_DYNAMIC_NO_PIC = NO;
				GCC_NO_COMMON_BLOCKS = YES;
				GCC_OPTIMIZATION_LEVEL = 0;
				GCC_PREPROCESSOR_DEFINITIONS = (
					"DEBUG=1",
					"$(inherited)",
				);
				GCC_WARN_64_TO_32_BIT_CONVERSION = YES;
				GCC_WARN_ABOUT_RETURN_TYPE = YES_ERROR;
				GCC_WARN_UNDECLARED_SELECTOR = YES;
				GCC_WARN_UNINITIALIZED_AUTOS = YES_AGGRESSIVE;
				GCC_WARN_UNUSED_FUNCTION = YES;
				GCC_WARN_UNUSED_VARIABLE = YES;
				IPHONEOS_DEPLOYMENT_TARGET = 9.3;
				MTL_ENABLE_DEBUG_INFO = YES;
				ONLY_ACTIVE_ARCH = YES;
				SDKROOT = iphoneos;
				SWIFT_OPTIMIZATION_LEVEL = "-Onone";
				TARGETED_DEVICE_FAMILY = "1,2";
			};
			name = Debug;
		};
		85E94D1B1D94653400456009 /* Release */ = {
			isa = XCBuildConfiguration;
			buildSettings = {
				ALWAYS_SEARCH_USER_PATHS = NO;
				CLANG_ANALYZER_NONNULL = YES;
				CLANG_CXX_LANGUAGE_STANDARD = "gnu++0x";
				CLANG_CXX_LIBRARY = "libc++";
				CLANG_ENABLE_MODULES = YES;
				CLANG_ENABLE_OBJC_ARC = YES;
				CLANG_WARN_BOOL_CONVERSION = YES;
				CLANG_WARN_CONSTANT_CONVERSION = YES;
				CLANG_WARN_DIRECT_OBJC_ISA_USAGE = YES_ERROR;
				CLANG_WARN_EMPTY_BODY = YES;
				CLANG_WARN_ENUM_CONVERSION = YES;
				CLANG_WARN_INT_CONVERSION = YES;
				CLANG_WARN_OBJC_ROOT_CLASS = YES_ERROR;
				CLANG_WARN_UNREACHABLE_CODE = YES;
				CLANG_WARN__DUPLICATE_METHOD_MATCH = YES;
				"CODE_SIGN_IDENTITY[sdk=iphoneos*]" = "iPhone Developer";
				COPY_PHASE_STRIP = NO;
				DEBUG_INFORMATION_FORMAT = "dwarf-with-dsym";
				ENABLE_NS_ASSERTIONS = NO;
				ENABLE_STRICT_OBJC_MSGSEND = YES;
				GCC_C_LANGUAGE_STANDARD = gnu99;
				GCC_NO_COMMON_BLOCKS = YES;
				GCC_WARN_64_TO_32_BIT_CONVERSION = YES;
				GCC_WARN_ABOUT_RETURN_TYPE = YES_ERROR;
				GCC_WARN_UNDECLARED_SELECTOR = YES;
				GCC_WARN_UNINITIALIZED_AUTOS = YES_AGGRESSIVE;
				GCC_WARN_UNUSED_FUNCTION = YES;
				GCC_WARN_UNUSED_VARIABLE = YES;
				IPHONEOS_DEPLOYMENT_TARGET = 9.3;
				MTL_ENABLE_DEBUG_INFO = NO;
				SDKROOT = iphoneos;
				TARGETED_DEVICE_FAMILY = "1,2";
				VALIDATE_PRODUCT = YES;
			};
			name = Release;
		};
		85E94D1D1D94653500456009 /* Debug */ = {
			isa = XCBuildConfiguration;
			buildSettings = {
				ASSETCATALOG_COMPILER_APPICON_NAME = AppIcon;
				INFOPLIST_FILE = table/Info.plist;
				LD_RUNPATH_SEARCH_PATHS = "$(inherited) @executable_path/Frameworks";
				PRODUCT_BUNDLE_IDENTIFIER = emiliano.table;
				PRODUCT_NAME = "$(TARGET_NAME)";
			};
			name = Debug;
		};
		85E94D1E1D94653500456009 /* Release */ = {
			isa = XCBuildConfiguration;
			buildSettings = {
				ASSETCATALOG_COMPILER_APPICON_NAME = AppIcon;
				INFOPLIST_FILE = table/Info.plist;
				LD_RUNPATH_SEARCH_PATHS = "$(inherited) @executable_path/Frameworks";
				PRODUCT_BUNDLE_IDENTIFIER = emiliano.table;
				PRODUCT_NAME = "$(TARGET_NAME)";
			};
			name = Release;
		};
		85E94D201D94653500456009 /* Debug */ = {
			isa = XCBuildConfiguration;
			buildSettings = {
				BUNDLE_LOADER = "$(TEST_HOST)";
				INFOPLIST_FILE = tableTests/Info.plist;
				LD_RUNPATH_SEARCH_PATHS = "$(inherited) @executable_path/Frameworks @loader_path/Frameworks";
				PRODUCT_BUNDLE_IDENTIFIER = emiliano.tableTests;
				PRODUCT_NAME = "$(TARGET_NAME)";
				TEST_HOST = "$(BUILT_PRODUCTS_DIR)/table.app/table";
			};
			name = Debug;
		};
		85E94D211D94653500456009 /* Release */ = {
			isa = XCBuildConfiguration;
			buildSettings = {
				BUNDLE_LOADER = "$(TEST_HOST)";
				INFOPLIST_FILE = tableTests/Info.plist;
				LD_RUNPATH_SEARCH_PATHS = "$(inherited) @executable_path/Frameworks @loader_path/Frameworks";
				PRODUCT_BUNDLE_IDENTIFIER = emiliano.tableTests;
				PRODUCT_NAME = "$(TARGET_NAME)";
				TEST_HOST = "$(BUILT_PRODUCTS_DIR)/table.app/table";
			};
			name = Release;
		};
		85E94D231D94653500456009 /* Debug */ = {
			isa = XCBuildConfiguration;
			buildSettings = {
				INFOPLIST_FILE = tableUITests/Info.plist;
				LD_RUNPATH_SEARCH_PATHS = "$(inherited) @executable_path/Frameworks @loader_path/Frameworks";
				PRODUCT_BUNDLE_IDENTIFIER = emiliano.tableUITests;
				PRODUCT_NAME = "$(TARGET_NAME)";
				TEST_TARGET_NAME = table;
			};
			name = Debug;
		};
		85E94D241D94653500456009 /* Release */ = {
			isa = XCBuildConfiguration;
			buildSettings = {
				INFOPLIST_FILE = tableUITests/Info.plist;
				LD_RUNPATH_SEARCH_PATHS = "$(inherited) @executable_path/Frameworks @loader_path/Frameworks";
				PRODUCT_BUNDLE_IDENTIFIER = emiliano.tableUITests;
				PRODUCT_NAME = "$(TARGET_NAME)";
				TEST_TARGET_NAME = table;
			};
			name = Release;
		};
/* End XCBuildConfiguration section */

/* Begin XCConfigurationList section */
		85E94CEF1D94653300456009 /* Build configuration list for PBXProject "table" */ = {
			isa = XCConfigurationList;
			buildConfigurations = (
				85E94D1A1D94653400456009 /* Debug */,
				85E94D1B1D94653400456009 /* Release */,
			);
			defaultConfigurationIsVisible = 0;
			defaultConfigurationName = Release;
		};
		85E94D1C1D94653500456009 /* Build configuration list for PBXNativeTarget "table" */ = {
			isa = XCConfigurationList;
			buildConfigurations = (
				85E94D1D1D94653500456009 /* Debug */,
				85E94D1E1D94653500456009 /* Release */,
			);
			defaultConfigurationIsVisible = 0;
		};
		85E94D1F1D94653500456009 /* Build configuration list for PBXNativeTarget "tableTests" */ = {
			isa = XCConfigurationList;
			buildConfigurations = (
				85E94D201D94653500456009 /* Debug */,
				85E94D211D94653500456009 /* Release */,
			);
			defaultConfigurationIsVisible = 0;
		};
		85E94D221D94653500456009 /* Build configuration list for PBXNativeTarget "tableUITests" */ = {
			isa = XCConfigurationList;
			buildConfigurations = (
				85E94D231D94653500456009 /* Debug */,
				85E94D241D94653500456009 /* Release */,
			);
			defaultConfigurationIsVisible = 0;
		};
/* End XCConfigurationList section */
	};
	rootObject = 85E94CEC1D94653300456009 /* Project object */;
}
